
Microsoft Visual Studio Solution File, Format Version 12.00
# Visual Studio Version 17
VisualStudioVersion = 17.11.35312.102
MinimumVisualStudioVersion = 10.0.40219.1
Project("{FAE04EC0-301F-11D3-BF4B-00C04F79EFBC}") = "AppPaiments", "AppPaiments\AppPaiments.csproj", "{A32BCA82-8EA6-4955-ACB5-1550AC7DD843}"
EndProject
Global
	GlobalSection(SolutionConfigurationPlatforms) = preSolution
		Debug|Any CPU = Debug|Any CPU
		Release|Any CPU = Release|Any CPU
	EndGlobalSection
	GlobalSection(ProjectConfigurationPlatforms) = postSolution
		{A32BCA82-8EA6-4955-ACB5-1550AC7DD843}.Debug|Any CPU.ActiveCfg = Debug|Any CPU
		{A32BCA82-8EA6-4955-ACB5-1550AC7DD843}.Debug|Any CPU.Build.0 = Debug|Any CPU
		{A32BCA82-8EA6-4955-ACB5-1550AC7DD843}.Release|Any CPU.ActiveCfg = Release|Any CPU
		{A32BCA82-8EA6-4955-ACB5-1550AC7DD843}.Release|Any CPU.Build.0 = Release|Any CPU
	EndGlobalSection
	GlobalSection(SolutionProperties) = preSolution
		HideSolutionNode = FALSE
	EndGlobalSection
	GlobalSection(ExtensibilityGlobals) = postSolution
		SolutionGuid = {52894934-33D3-4F6D-9B26-0D619CF10A7C}
	EndGlobalSection
EndGlobal
